github.com/davecgh/go-spew v1.1.1 h1:vj9j/u1bqnvCEfJOwUhtlOARqs3+rkHYY13jYWTU97c=
github.com/davecgh/go-spew v1.1.1/go.mod h1:J7Y8YcW2NihsgmVo/mv3lAwl/skON4iLHjSsI+c5H38=
github.com/dchest/blake256 v1.1.0 h1:4AuEhGPT/3TTKFhTfBpZ8hgZE7wJpawcYaEawwsbtqM=
github.com/dchest/blake256 v1.1.0/go.mod h1:xXNWCE1jsAP8DAjP+rKw2MbeqLczjI3TRx2VK+9OEYY=
github.com/gobwas/httphead v0.1.0 h1:exrUm0f4YX0L7EBwZHuCF4GDp8aJfVeBrlLQrs6NqWU=
github.com/gobwas/httphead v0.1.0/go.mod h1:O/RXo79gxV8G+RqlR/otEwx4Q36zl9rqC5u12GKvMCM=
github.com/gobwas/pool v0.2.1 h1:xfeeEhW7pwmX8nuLVlqbzVc7udMDrwetjEv+TZIz1og=
github.com/gobwas/pool v0.2.1/go.mod h1:q8bcK0KcYlCgd9e7WYLm9LpyS+YeLd8JVDW6WezmKEw=
github.com/gobwas/ws v1.3.1 h1:Qi34dfLMWJbiKaNbDVzM9x27nZBjmkaW6i4+Ku+pGVU=
github.com/gobwas/ws v1.3.1/go.mod h1:hRKAFb8wOxFROYNsT1bqfWnhX+b5MFeJM9r2ZSwg/KY=
github.com/klauspost/cpuid/v2 v2.2.3 h1:sxCkb+qR91z4vsqw4vGGZlDgPz3G7gjaLyK3V8y70BU=
github.com/klauspost/cpuid/v2 v2.2.3/go.mod h1:RVVoqg1df56z8g3pUjL/3lE5UfnlrJX8tyFgg4nqhuY=
github.com/minio/sha256-simd v1.0.1 h1:6kaan5IFmwTNynnKKpDHe6FWHohJOHhCPchzK49dzMM=
github.com/minio/sha256-simd v1.0.1/go.mod h1:Pz6AKMiUdngCLpeTL/RJY1M9rUuPMYujV5xJjtbRSN8=
golang.org/x/sys v0.0.0-20220704084225-05e143d24a9e/go.mod h1:oPkhp1MJrh7nUepCBck5+mAzfO9JrbApNNgaTdGDITg=
golang.org/x/sys v0.6.0/go.mod h1:oPkhp1MJrh7nUepCBck5+mAzfO9JrbApNNgaTdGDITg=
golang.org/x/sys v0.10.0 h1:SqMFp9UcQJZa+pmYuAKjd9xq1f0j5rLcDIk0mj4qAsA=
golang.org/x/sys v0.10.0/go.mod h1:oPkhp1MJrh7nUepCBck5+mAzfO9JrbApNNgaTdGDITg=
mleku.online/git/ec v1.0.3 h1:Uf+BtqgaNdgzw6RIaae1tx4gJSwQMBCitcFpTlXP/mw=
mleku.online/git/ec v1.0.3/go.mod h1:EOy0zIdKzuCqXOEZ4JJ8iiiO/77vNfTNikiMB1oQDm4=
mleku.online/git/ec v1.0.4 h1:wsXfszxoDUVqF3IcDmr+vFh7dONBgelL+6iESiHLVho=
mleku.online/git/ec v1.0.4/go.mod h1:D1BIglBfDaUsit3R+LVVXJ9SlxwjPnCJpp+gz6yARzY=
mleku.online/git/log v1.0.7 h1:jNDph/CW/GerRluqcWV6F+NMng1gmm5Qi/TFAJRAfpo=
mleku.online/git/log v1.0.7/go.mod h1:OdomTvlDYHzX1daD1LaqU+TtX484EbECPKOiMrlGkOY=
mleku.online/git/mangle v1.0.6 h1:M7G1V7gdNc+oMKdv5bcUBpKg6DOexOEqGCOKUfx9jVI=
mleku.online/git/mangle v1.0.6/go.mod h1:clmv0tWocrTQFUyqutijWZejhpc8MbW8++UGvkhT8SM=
mleku.online/git/mangle v1.0.7 h1:ufqEPgkFimW0gRWpRDTJwO+mvMMwj6iAn6RjrrAVebg=
mleku.online/git/mangle v1.0.7/go.mod h1:clmv0tWocrTQFUyqutijWZejhpc8MbW8++UGvkhT8SM=
mleku.online/git/mangle v1.0.8 h1:CiUjBVQ7DANz8nf90a4IYCZwsq/soNnLvya17BZK6Pk=
mleku.online/git/mangle v1.0.8/go.mod h1:clmv0tWocrTQFUyqutijWZejhpc8MbW8++UGvkhT8SM=
